
Microsoft Visual Studio Solution File, Format Version 12.00
# Visual Studio Version 16
VisualStudioVersion = 16.0.31410.357
MinimumVisualStudioVersion = 10.0.40219.1
Project("{FAE04EC0-301F-11D3-BF4B-00C04F79EFBC}") = "WebApiSeriesCore5", "WebApiSeriesCore5\WebApiSeriesCore5.csproj", "{C222AF34-3B91-4760-B3F5-B332F27CC5A8}"
EndProject
Global
	GlobalSection(SolutionConfigurationPlatforms) = preSolution
		Debug|Any CPU = Debug|Any CPU
		Release|Any CPU = Release|Any CPU
	EndGlobalSection
	GlobalSection(ProjectConfigurationPlatforms) = postSolution
		{C222AF34-3B91-4760-B3F5-B332F27CC5A8}.Debug|Any CPU.ActiveCfg = Debug|Any CPU
		{C222AF34-3B91-4760-B3F5-B332F27CC5A8}.Debug|Any CPU.Build.0 = Debug|Any CPU
		{C222AF34-3B91-4760-B3F5-B332F27CC5A8}.Release|Any CPU.ActiveCfg = Release|Any CPU
		{C222AF34-3B91-4760-B3F5-B332F27CC5A8}.Release|Any CPU.Build.0 = Release|Any CPU
	EndGlobalSection
	GlobalSection(SolutionProperties) = preSolution
		HideSolutionNode = FALSE
	EndGlobalSection
	GlobalSection(ExtensibilityGlobals) = postSolution
		SolutionGuid = {4B994DF7-7B5A-4447-B9C6-2D906E7C2C1F}
	EndGlobalSection
EndGlobal
